{
  "nodes": {
    "home-manager": {
      "inputs": {
        "nixpkgs": [
          "hydenix",
          "hydenix-nixpkgs"
        ]
      },
      "locked": {
        "lastModified": 1752361671,
        "narHash": "sha256-AliH6gxw6l9OFZCUuXgxmH+UvTKPeyHzBu4lnvQ8Ick=",
        "owner": "nix-community",
        "repo": "home-manager",
        "rev": "f2795aa053ef11f958fba49aef15a5c4d9734c02",
        "type": "github"
      },
      "original": {
        "owner": "nix-community",
        "repo": "home-manager",
        "type": "github"
      }
    },
    "hyde": {
      "flake": false,
      "locked": {
        "lastModified": 1750118281,
        "narHash": "sha256-rYlD979i1XUDZg+okpJZSC4piQKwJiIocfEYjxMyaz8=",
        "owner": "HyDE-Project",
        "repo": "HyDE",
        "rev": "cc76f032e090b84c367c11a4c1b326be76a9fa7e",
        "type": "github"
      },
      "original": {
        "owner": "HyDE-Project",
        "repo": "HyDE",
        "rev": "cc76f032e090b84c367c11a4c1b326be76a9fa7e",
        "type": "github"
      }
    },
    "hydenix": {
      "inputs": {
        "home-manager": "home-manager",
        "hyde": "hyde",
        "hydenix-nixpkgs": "hydenix-nixpkgs",
        "nix-index-database": "nix-index-database",
        "nixos-hardware": "nixos-hardware"
      },
      "locked": {
        "lastModified": 0,
        "narHash": "sha256-WIWJ4wloBbxodhy4qFf6wB8Cb4RRWSWcpz1o2pGyCLY=",
        "path": "../",
        "type": "path"
      },
      "original": {
        "path": "../",
        "type": "path"
      }
    },
    "hydenix-nixpkgs": {
      "locked": {
        "lastModified": 1752012998,
        "narHash": "sha256-Q82Ms+FQmgOBkdoSVm+FBpuFoeUAffNerR5yVV7SgT8=",
        "owner": "nixos",
        "repo": "nixpkgs",
        "rev": "2a2130494ad647f953593c4e84ea4df839fbd68c",
        "type": "github"
      },
      "original": {
        "owner": "nixos",
        "repo": "nixpkgs",
        "rev": "2a2130494ad647f953593c4e84ea4df839fbd68c",
        "type": "github"
      }
    },
    "nix-index-database": {
      "inputs": {
        "nixpkgs": [
          "hydenix",
          "hydenix-nixpkgs"
        ]
      },
      "locked": {
        "lastModified": 1752346111,
        "narHash": "sha256-SVxCIYnbED0rNYSpm3QQoOhqxYRp1GuE9FkyM5Y2afs=",
        "owner": "nix-community",
        "repo": "nix-index-database",
        "rev": "deff7a9a0aa98a08d8c7839fe2658199ce9828f8",
        "type": "github"
      },
      "original": {
        "owner": "nix-community",
        "repo": "nix-index-database",
        "type": "github"
      }
    },
    "nix-index-database_2": {
      "inputs": {
        "nixpkgs": [
          "nixpkgs"
        ]
      },
      "locked": {
        "lastModified": 1752346111,
        "narHash": "sha256-SVxCIYnbED0rNYSpm3QQoOhqxYRp1GuE9FkyM5Y2afs=",
        "owner": "nix-community",
        "repo": "nix-index-database",
        "rev": "deff7a9a0aa98a08d8c7839fe2658199ce9828f8",
        "type": "github"
      },
      "original": {
        "owner": "nix-community",
        "repo": "nix-index-database",
        "type": "github"
      }
    },
    "nixos-hardware": {
      "locked": {
        "lastModified": 1752048960,
        "narHash": "sha256-gATnkOe37eeVwKKYCsL+OnS2gU4MmLuZFzzWCtaKLI8=",
        "owner": "NixOS",
        "repo": "nixos-hardware",
        "rev": "7ced9122cff2163c6a0212b8d1ec8c33a1660806",
        "type": "github"
      },
      "original": {
        "owner": "NixOS",
        "ref": "master",
        "repo": "nixos-hardware",
        "type": "github"
      }
    },
    "nixpkgs": {
      "locked": {
        "lastModified": 1751984180,
        "narHash": "sha256-LwWRsENAZJKUdD3SpLluwDmdXY9F45ZEgCb0X+xgOL0=",
        "owner": "nixos",
        "repo": "nixpkgs",
        "rev": "9807714d6944a957c2e036f84b0ff8caf9930bc0",
        "type": "github"
      },
      "original": {
        "owner": "nixos",
        "ref": "nixos-unstable",
        "repo": "nixpkgs",
        "type": "github"
      }
    },
    "root": {
      "inputs": {
        "hydenix": "hydenix",
        "nix-index-database": "nix-index-database_2",
        "nixpkgs": "nixpkgs"
      }
    }
  },
  "root": "root",
  "version": 7
}
