{
  "nodes": {
    "home-manager": {
      "inputs": {
        "nixpkgs": [
          "hydenix",
          "hydenix-nixpkgs"
        ]
      },
      "locked": {
        "lastModified": 1754174776,
        "narHash": "sha256-Sp3FRM6xNwNtGzYH/HByjzJYHSQvwsW+lDMMZNF43PQ=",
        "owner": "nix-community",
        "repo": "home-manager",
        "rev": "e6e2f43a62b7dbc8aa8b1adb7101b0d8b9395445",
        "type": "github"
      },
      "original": {
        "owner": "nix-community",
        "repo": "home-manager",
        "type": "github"
      }
    },
    "hyde": {
      "flake": false,
      "locked": {
        "lastModified": 1750118281,
        "narHash": "sha256-rYlD979i1XUDZg+okpJZSC4piQKwJiIocfEYjxMyaz8=",
        "owner": "HyDE-Project",
        "repo": "HyDE",
        "rev": "cc76f032e090b84c367c11a4c1b326be76a9fa7e",
        "type": "github"
      },
      "original": {
        "owner": "HyDE-Project",
        "repo": "HyDE",
        "rev": "cc76f032e090b84c367c11a4c1b326be76a9fa7e",
        "type": "github"
      }
    },
    "hydenix": {
      "inputs": {
        "home-manager": "home-manager",
        "hyde": "hyde",
        "hydenix-nixpkgs": "hydenix-nixpkgs",
        "nix-index-database": "nix-index-database",
        "nixos-hardware": "nixos-hardware"
      },
      "locked": {
        "lastModified": 0,
        "narHash": "sha256-R9PM4QnKmy2GzG+trgyVmhpRZuBGDERtsGqFuoUCtMc=",
        "path": "../",
        "type": "path"
      },
      "original": {
        "path": "../",
        "type": "path"
      }
    },
    "hydenix-nixpkgs": {
      "locked": {
        "lastModified": 1754122398,
        "narHash": "sha256-CyIrZ68gVLSZGa2ERK7zc2dGabvWp2A8PM6PII9M7gI=",
        "owner": "nixos",
        "repo": "nixpkgs",
        "rev": "c02d05bcf73fb496c604798c2268ed424a09e73e",
        "type": "github"
      },
      "original": {
        "owner": "nixos",
        "repo": "nixpkgs",
        "rev": "c02d05bcf73fb496c604798c2268ed424a09e73e",
        "type": "github"
      }
    },
    "nix-index-database": {
      "inputs": {
        "nixpkgs": [
          "hydenix",
          "hydenix-nixpkgs"
        ]
      },
      "locked": {
        "lastModified": 1753589988,
        "narHash": "sha256-y1JlcMB2dKFkrr6g+Ucmj8L//IY09BtSKTH/A7OU7mU=",
        "owner": "nix-community",
        "repo": "nix-index-database",
        "rev": "f0736b09c43028fd726fb70c3eb3d1f0795454cf",
        "type": "github"
      },
      "original": {
        "owner": "nix-community",
        "repo": "nix-index-database",
        "type": "github"
      }
    },
    "nix-index-database_2": {
      "inputs": {
        "nixpkgs": [
          "nixpkgs"
        ]
      },
      "locked": {
        "lastModified": 1753589988,
        "narHash": "sha256-y1JlcMB2dKFkrr6g+Ucmj8L//IY09BtSKTH/A7OU7mU=",
        "owner": "nix-community",
        "repo": "nix-index-database",
        "rev": "f0736b09c43028fd726fb70c3eb3d1f0795454cf",
        "type": "github"
      },
      "original": {
        "owner": "nix-community",
        "repo": "nix-index-database",
        "type": "github"
      }
    },
    "nixos-hardware": {
      "locked": {
        "lastModified": 1753122741,
        "narHash": "sha256-nFxE8lk9JvGelxClCmwuJYftbHqwnc01dRN4DVLUroM=",
        "owner": "NixOS",
        "repo": "nixos-hardware",
        "rev": "cc66fddc6cb04ab479a1bb062f4d4da27c936a22",
        "type": "github"
      },
      "original": {
        "owner": "NixOS",
        "ref": "master",
        "repo": "nixos-hardware",
        "type": "github"
      }
    },
    "nixpkgs": {
      "locked": {
        "lastModified": 1753939845,
        "narHash": "sha256-K2ViRJfdVGE8tpJejs8Qpvvejks1+A4GQej/lBk5y7I=",
        "owner": "nixos",
        "repo": "nixpkgs",
        "rev": "94def634a20494ee057c76998843c015909d6311",
        "type": "github"
      },
      "original": {
        "owner": "nixos",
        "ref": "nixos-unstable",
        "repo": "nixpkgs",
        "type": "github"
      }
    },
    "root": {
      "inputs": {
        "hydenix": "hydenix",
        "nix-index-database": "nix-index-database_2",
        "nixpkgs": "nixpkgs"
      }
    }
  },
  "root": "root",
  "version": 7
}
